
Microsoft Visual Studio Solution File, Format Version 12.00
# Visual Studio Version 17
VisualStudioVersion = 17.5.002.0
MinimumVisualStudioVersion = 10.0.40219.1
Project("{2150E333-8FDC-42A3-9474-1A3956D46DE8}") = "Back", "Back", "{DD88C110-66C4-45F0-AC05-1A98AF45E20E}"
EndProject
Project("{9A19103F-16F7-4668-BE54-9A1E7A4F7556}") = "ProEventos.API", "Back\ProEventos.API\ProEventos.API.csproj", "{81AF501A-CAE6-4251-BF20-66DD23A46D32}"
EndProject
Global
	GlobalSection(SolutionConfigurationPlatforms) = preSolution
		Debug|Any CPU = Debug|Any CPU
		Release|Any CPU = Release|Any CPU
	EndGlobalSection
	GlobalSection(ProjectConfigurationPlatforms) = postSolution
		{81AF501A-CAE6-4251-BF20-66DD23A46D32}.Debug|Any CPU.ActiveCfg = Debug|Any CPU
		{81AF501A-CAE6-4251-BF20-66DD23A46D32}.Debug|Any CPU.Build.0 = Debug|Any CPU
		{81AF501A-CAE6-4251-BF20-66DD23A46D32}.Release|Any CPU.ActiveCfg = Release|Any CPU
		{81AF501A-CAE6-4251-BF20-66DD23A46D32}.Release|Any CPU.Build.0 = Release|Any CPU
	EndGlobalSection
	GlobalSection(SolutionProperties) = preSolution
		HideSolutionNode = FALSE
	EndGlobalSection
	GlobalSection(NestedProjects) = preSolution
		{81AF501A-CAE6-4251-BF20-66DD23A46D32} = {DD88C110-66C4-45F0-AC05-1A98AF45E20E}
	EndGlobalSection
	GlobalSection(ExtensibilityGlobals) = postSolution
		SolutionGuid = {860B3456-FCE9-44FF-99F7-86F99807DE16}
	EndGlobalSection
EndGlobal
